
Microsoft Visual Studio Solution File, Format Version 12.00
# Visual Studio Version 17
VisualStudioVersion = 17.1.32210.238
MinimumVisualStudioVersion = 10.0.40219.1
Project("{FAE04EC0-301F-11D3-BF4B-00C04F79EFBC}") = "uppgift-2.10", "uppgift-2.10\uppgift-2.10.csproj", "{269B01EA-585D-4252-9768-8B4CE2DF5254}"
EndProject
Global
	GlobalSection(SolutionConfigurationPlatforms) = preSolution
		Debug|Any CPU = Debug|Any CPU
		Release|Any CPU = Release|Any CPU
	EndGlobalSection
	GlobalSection(ProjectConfigurationPlatforms) = postSolution
		{269B01EA-585D-4252-9768-8B4CE2DF5254}.Debug|Any CPU.ActiveCfg = Debug|Any CPU
		{269B01EA-585D-4252-9768-8B4CE2DF5254}.Debug|Any CPU.Build.0 = Debug|Any CPU
		{269B01EA-585D-4252-9768-8B4CE2DF5254}.Release|Any CPU.ActiveCfg = Release|Any CPU
		{269B01EA-585D-4252-9768-8B4CE2DF5254}.Release|Any CPU.Build.0 = Release|Any CPU
	EndGlobalSection
	GlobalSection(SolutionProperties) = preSolution
		HideSolutionNode = FALSE
	EndGlobalSection
	GlobalSection(ExtensibilityGlobals) = postSolution
		SolutionGuid = {4D064E55-5B96-4571-944B-536518A13A26}
	EndGlobalSection
EndGlobal
